
Microsoft Visual Studio Solution File, Format Version 12.00
# Visual Studio Version 17
VisualStudioVersion = 17.5.33516.290
MinimumVisualStudioVersion = 10.0.40219.1
Project("{8BC9CEB8-8B4A-11D0-8D11-00A0C91BC942}") = "connect", "connect\connect.vcxproj", "{C1893268-58A2-4861-829E-67B9F7CF5DCD}"
EndProject
Global
	GlobalSection(SolutionConfigurationPlatforms) = preSolution
		Debug|x64 = Debug|x64
		Debug|x86 = Debug|x86
		Release|x64 = Release|x64
		Release|x86 = Release|x86
	EndGlobalSection
	GlobalSection(ProjectConfigurationPlatforms) = postSolution
		{C1893268-58A2-4861-829E-67B9F7CF5DCD}.Debug|x64.ActiveCfg = Debug|x64
		{C1893268-58A2-4861-829E-67B9F7CF5DCD}.Debug|x64.Build.0 = Debug|x64
		{C1893268-58A2-4861-829E-67B9F7CF5DCD}.Debug|x86.ActiveCfg = Debug|Win32
		{C1893268-58A2-4861-829E-67B9F7CF5DCD}.Debug|x86.Build.0 = Debug|Win32
		{C1893268-58A2-4861-829E-67B9F7CF5DCD}.Release|x64.ActiveCfg = Release|x64
		{C1893268-58A2-4861-829E-67B9F7CF5DCD}.Release|x64.Build.0 = Release|x64
		{C1893268-58A2-4861-829E-67B9F7CF5DCD}.Release|x86.ActiveCfg = Release|Win32
		{C1893268-58A2-4861-829E-67B9F7CF5DCD}.Release|x86.Build.0 = Release|Win32
	EndGlobalSection
	GlobalSection(SolutionProperties) = preSolution
		HideSolutionNode = FALSE
	EndGlobalSection
	GlobalSection(ExtensibilityGlobals) = postSolution
		SolutionGuid = {15FEC79F-95DA-47A0-A143-1BCB4E0CC493}
	EndGlobalSection
EndGlobal
